
Microsoft Visual Studio Solution File, Format Version 12.00
# Visual Studio Version 17
VisualStudioVersion = 17.7.34003.232
MinimumVisualStudioVersion = 10.0.40219.1
Project("{FAE04EC0-301F-11D3-BF4B-00C04F79EFBC}") = "PruebaQr", "PruebaQr\PruebaQr.csproj", "{E2002569-DDBA-4EE8-8F5D-7C4D99CDF9D8}"
EndProject
Global
	GlobalSection(SolutionConfigurationPlatforms) = preSolution
		Debug|Any CPU = Debug|Any CPU
		Release|Any CPU = Release|Any CPU
	EndGlobalSection
	GlobalSection(ProjectConfigurationPlatforms) = postSolution
		{E2002569-DDBA-4EE8-8F5D-7C4D99CDF9D8}.Debug|Any CPU.ActiveCfg = Debug|Any CPU
		{E2002569-DDBA-4EE8-8F5D-7C4D99CDF9D8}.Debug|Any CPU.Build.0 = Debug|Any CPU
		{E2002569-DDBA-4EE8-8F5D-7C4D99CDF9D8}.Release|Any CPU.ActiveCfg = Release|Any CPU
		{E2002569-DDBA-4EE8-8F5D-7C4D99CDF9D8}.Release|Any CPU.Build.0 = Release|Any CPU
	EndGlobalSection
	GlobalSection(SolutionProperties) = preSolution
		HideSolutionNode = FALSE
	EndGlobalSection
	GlobalSection(ExtensibilityGlobals) = postSolution
		SolutionGuid = {CC2B6292-36BD-4A36-AC69-24E82F308451}
	EndGlobalSection
EndGlobal
